
Microsoft Visual Studio Solution File, Format Version 12.00
# Visual Studio 15
VisualStudioVersion = 15.0.28307.489
MinimumVisualStudioVersion = 10.0.40219.1
Project("{9A19103F-16F7-4668-BE54-9A1E7A4F7556}") = "ZipPay.API", "ZipPay.API\ZipPay.API.csproj", "{A653BBD9-4DF0-45B8-95E6-724B9F316E80}"
EndProject
Project("{9A19103F-16F7-4668-BE54-9A1E7A4F7556}") = "ZipPay.Business", "ZipPay.Business\ZipPay.Business.csproj", "{A89ED2C3-7F09-40A2-B654-C8D5E3B75AF7}"
EndProject
Project("{9A19103F-16F7-4668-BE54-9A1E7A4F7556}") = "ZipPay.DataContract", "ZipPay.DataContract\ZipPay.DataContract.csproj", "{39B8E2AF-5A28-486F-A130-1BBE20440FE0}"
EndProject
Project("{FAE04EC0-301F-11D3-BF4B-00C04F79EFBC}") = "ZipPay.Data", "ZipPay.Data\ZipPay.Data.csproj", "{C4B25B0F-AE47-4E7D-B82E-871C400B4051}"
EndProject
Global
	GlobalSection(SolutionConfigurationPlatforms) = preSolution
		Debug|Any CPU = Debug|Any CPU
		Release|Any CPU = Release|Any CPU
	EndGlobalSection
	GlobalSection(ProjectConfigurationPlatforms) = postSolution
		{A653BBD9-4DF0-45B8-95E6-724B9F316E80}.Debug|Any CPU.ActiveCfg = Debug|Any CPU
		{A653BBD9-4DF0-45B8-95E6-724B9F316E80}.Debug|Any CPU.Build.0 = Debug|Any CPU
		{A653BBD9-4DF0-45B8-95E6-724B9F316E80}.Release|Any CPU.ActiveCfg = Release|Any CPU
		{A653BBD9-4DF0-45B8-95E6-724B9F316E80}.Release|Any CPU.Build.0 = Release|Any CPU
		{A89ED2C3-7F09-40A2-B654-C8D5E3B75AF7}.Debug|Any CPU.ActiveCfg = Debug|Any CPU
		{A89ED2C3-7F09-40A2-B654-C8D5E3B75AF7}.Debug|Any CPU.Build.0 = Debug|Any CPU
		{A89ED2C3-7F09-40A2-B654-C8D5E3B75AF7}.Release|Any CPU.ActiveCfg = Release|Any CPU
		{A89ED2C3-7F09-40A2-B654-C8D5E3B75AF7}.Release|Any CPU.Build.0 = Release|Any CPU
		{39B8E2AF-5A28-486F-A130-1BBE20440FE0}.Debug|Any CPU.ActiveCfg = Debug|Any CPU
		{39B8E2AF-5A28-486F-A130-1BBE20440FE0}.Debug|Any CPU.Build.0 = Debug|Any CPU
		{39B8E2AF-5A28-486F-A130-1BBE20440FE0}.Release|Any CPU.ActiveCfg = Release|Any CPU
		{39B8E2AF-5A28-486F-A130-1BBE20440FE0}.Release|Any CPU.Build.0 = Release|Any CPU
		{C4B25B0F-AE47-4E7D-B82E-871C400B4051}.Debug|Any CPU.ActiveCfg = Debug|Any CPU
		{C4B25B0F-AE47-4E7D-B82E-871C400B4051}.Debug|Any CPU.Build.0 = Debug|Any CPU
		{C4B25B0F-AE47-4E7D-B82E-871C400B4051}.Release|Any CPU.ActiveCfg = Release|Any CPU
		{C4B25B0F-AE47-4E7D-B82E-871C400B4051}.Release|Any CPU.Build.0 = Release|Any CPU
	EndGlobalSection
	GlobalSection(SolutionProperties) = preSolution
		HideSolutionNode = FALSE
	EndGlobalSection
	GlobalSection(ExtensibilityGlobals) = postSolution
		SolutionGuid = {8F8D2C6E-CA81-40A1-AE01-4E2FADB7C09B}
	EndGlobalSection
EndGlobal
